{
  "nodes": {
    "nixpkgs": {
      "locked": {
        "lastModified": 1612568312,
        "narHash": "sha256-DbJ2aiZaFBYUTscEfjOqW/v1bCSE35X2g0rfmQQLEUs=",
        "owner": "nixos",
        "repo": "nixpkgs",
        "rev": "22a2b332378b99461edeaf9754dc2d6b4a210148",
        "type": "github"
      },
      "original": {
        "id": "nixpkgs",
        "type": "indirect"
      }
    },
    "root": {
      "inputs": {
        "nixpkgs": "nixpkgs"
      }
    }
  },
  "root": "root",
  "version": 7
}
